
Microsoft Visual Studio Solution File, Format Version 12.00
# Visual Studio Version 17
VisualStudioVersion = 17.9.34616.47
MinimumVisualStudioVersion = 10.0.40219.1
Project("{9A19103F-16F7-4668-BE54-9A1E7A4F7556}") = "usatam bumudur", "usatam bumudur\usatam bumudur.csproj", "{37F88306-2D82-4C56-AE6F-D05E5EC3D620}"
EndProject
Global
	GlobalSection(SolutionConfigurationPlatforms) = preSolution
		Debug|Any CPU = Debug|Any CPU
		Release|Any CPU = Release|Any CPU
	EndGlobalSection
	GlobalSection(ProjectConfigurationPlatforms) = postSolution
		{37F88306-2D82-4C56-AE6F-D05E5EC3D620}.Debug|Any CPU.ActiveCfg = Debug|Any CPU
		{37F88306-2D82-4C56-AE6F-D05E5EC3D620}.Debug|Any CPU.Build.0 = Debug|Any CPU
		{37F88306-2D82-4C56-AE6F-D05E5EC3D620}.Release|Any CPU.ActiveCfg = Release|Any CPU
		{37F88306-2D82-4C56-AE6F-D05E5EC3D620}.Release|Any CPU.Build.0 = Release|Any CPU
	EndGlobalSection
	GlobalSection(SolutionProperties) = preSolution
		HideSolutionNode = FALSE
	EndGlobalSection
	GlobalSection(ExtensibilityGlobals) = postSolution
		SolutionGuid = {0AC9BF6D-669B-4D8A-B327-60D351B6F9BF}
	EndGlobalSection
EndGlobal
